Microsoft Visual Studio Solution File, Format Version 11.00
# Visual Studio 2008

Project("{C2C3980B-E405-8A65-8C15-33E259B0B927}") = "NeoSpessShooter", "Assembly-CSharp.csproj", "{B725A42E-F6D8-0DF7-63C8-11B66C9C30BC}"
EndProject
Project("{C2C3980B-E405-8A65-8C15-33E259B0B927}") = "NeoSpessShooter", "Assembly-CSharp-Editor.csproj", "{01AC0CFB-67C4-6050-A11B-A043B552C350}"
EndProject
Project("{C2C3980B-E405-8A65-8C15-33E259B0B927}") = "NeoSpessShooter", "Assembly-UnityScript.unityproj", "{5A1E78A5-C887-1EA9-ACFD-4730A5B6FDC4}"
EndProject
Global
	GlobalSection(SolutionConfigurationPlatforms) = preSolution
		Debug|Any CPU = Debug|Any CPU
		Release|Any CPU = Release|Any CPU
	EndGlobalSection
	GlobalSection(ProjectConfigurationPlatforms) = postSolution
		{B725A42E-F6D8-0DF7-63C8-11B66C9C30BC}.Debug|Any CPU.ActiveCfg = Debug|Any CPU
		{B725A42E-F6D8-0DF7-63C8-11B66C9C30BC}.Debug|Any CPU.Build.0 = Debug|Any CPU
		{B725A42E-F6D8-0DF7-63C8-11B66C9C30BC}.Release|Any CPU.ActiveCfg = Release|Any CPU
		{B725A42E-F6D8-0DF7-63C8-11B66C9C30BC}.Release|Any CPU.Build.0 = Release|Any CPU
		{01AC0CFB-67C4-6050-A11B-A043B552C350}.Debug|Any CPU.ActiveCfg = Debug|Any CPU
		{01AC0CFB-67C4-6050-A11B-A043B552C350}.Debug|Any CPU.Build.0 = Debug|Any CPU
		{01AC0CFB-67C4-6050-A11B-A043B552C350}.Release|Any CPU.ActiveCfg = Release|Any CPU
		{01AC0CFB-67C4-6050-A11B-A043B552C350}.Release|Any CPU.Build.0 = Release|Any CPU
		{5A1E78A5-C887-1EA9-ACFD-4730A5B6FDC4}.Debug|Any CPU.ActiveCfg = Debug|Any CPU
		{5A1E78A5-C887-1EA9-ACFD-4730A5B6FDC4}.Debug|Any CPU.Build.0 = Debug|Any CPU
		{5A1E78A5-C887-1EA9-ACFD-4730A5B6FDC4}.Release|Any CPU.ActiveCfg = Release|Any CPU
		{5A1E78A5-C887-1EA9-ACFD-4730A5B6FDC4}.Release|Any CPU.Build.0 = Release|Any CPU
	EndGlobalSection
	GlobalSection(SolutionProperties) = preSolution
		HideSolutionNode = FALSE
	EndGlobalSection
																							GlobalSection(MonoDevelopProperties) = preSolution
		StartupItem = Assembly-CSharp.csproj
		Policies = $0
		$0.TextStylePolicy = $1
		$1.inheritsSet = null
		$1.scope = text/x-csharp
		$0.CSharpFormattingPolicy = $2
		$2.inheritsSet = Mono
		$2.inheritsScope = text/x-csharp
		$2.scope = text/x-csharp
		$0.TextStylePolicy = $3
		$3.FileWidth = 120
		$3.TabWidth = 4
		$3.IndentWidth = 4
		$3.EolMarker = Unix
		$3.inheritsSet = Mono
		$3.inheritsScope = text/plain
		$3.scope = text/plain
	EndGlobalSection

EndGlobal
