Microsoft Visual Studio Solution File, Format Version 11.00
# Visual Studio 2008

Project("{C9D5370E-7CF1-6229-F674-DB4B9BC1BB11}") = "SpessShooter", "Assembly-CSharp.csproj", "{58B1CF83-DB15-F3DD-865A-6423E311A225}"
EndProject
Project("{C9D5370E-7CF1-6229-F674-DB4B9BC1BB11}") = "SpessShooter", "Assembly-UnityScript.unityproj", "{9F98326C-1B95-705A-4757-96494F47C302}"
EndProject
Global
	GlobalSection(SolutionConfigurationPlatforms) = preSolution
		Debug|Any CPU = Debug|Any CPU
		Release|Any CPU = Release|Any CPU
	EndGlobalSection
	GlobalSection(ProjectConfigurationPlatforms) = postSolution
		{58B1CF83-DB15-F3DD-865A-6423E311A225}.Debug|Any CPU.ActiveCfg = Debug|Any CPU
		{58B1CF83-DB15-F3DD-865A-6423E311A225}.Debug|Any CPU.Build.0 = Debug|Any CPU
		{58B1CF83-DB15-F3DD-865A-6423E311A225}.Release|Any CPU.ActiveCfg = Release|Any CPU
		{58B1CF83-DB15-F3DD-865A-6423E311A225}.Release|Any CPU.Build.0 = Release|Any CPU
		{9F98326C-1B95-705A-4757-96494F47C302}.Debug|Any CPU.ActiveCfg = Debug|Any CPU
		{9F98326C-1B95-705A-4757-96494F47C302}.Debug|Any CPU.Build.0 = Debug|Any CPU
		{9F98326C-1B95-705A-4757-96494F47C302}.Release|Any CPU.ActiveCfg = Release|Any CPU
		{9F98326C-1B95-705A-4757-96494F47C302}.Release|Any CPU.Build.0 = Release|Any CPU
	EndGlobalSection
	GlobalSection(SolutionProperties) = preSolution
		HideSolutionNode = FALSE
	EndGlobalSection
				GlobalSection(MonoDevelopProperties) = preSolution
		StartupItem = Assembly-CSharp.csproj
		Policies = $0
		$0.TextStylePolicy = $1
		$1.inheritsSet = null
		$1.scope = text/x-csharp
		$0.CSharpFormattingPolicy = $2
		$2.inheritsSet = Mono
		$2.inheritsScope = text/x-csharp
		$2.scope = text/x-csharp
		$0.TextStylePolicy = $3
		$3.FileWidth = 120
		$3.TabWidth = 4
		$3.IndentWidth = 4
		$3.EolMarker = Unix
		$3.inheritsSet = Mono
		$3.inheritsScope = text/plain
		$3.scope = text/plain
	EndGlobalSection

EndGlobal
